// !$*UTF8*$!
{
	archiveVersion = 1;
	classes = {
	};
	objectVersion = 48;
	objects = {

/* Begin PBXBuildFile section */
		D05D86D1205681D9003909EB /* AppDelegate.swift in Sources */ = {isa = PBXBuildFile; fileRef = D05D86D0205681D9003909EB /* AppDelegate.swift */; };
		D05D86D3205681D9003909EB /* ViewController.swift in Sources */ = {isa = PBXBuildFile; fileRef = D05D86D2205681D9003909EB /* ViewController.swift */; };
		D05D86D6205681D9003909EB /* Main.storyboard in Resources */ = {isa = PBXBuildFile; fileRef = D05D86D4205681D9003909EB /* Main.storyboard */; };
		D05D86D8205681D9003909EB /* Assets.xcassets in Resources */ = {isa = PBXBuildFile; fileRef = D05D86D7205681D9003909EB /* Assets.xcassets */; };
		D05D86DB205681D9003909EB /* LaunchScreen.storyboard in Resources */ = {isa = PBXBuildFile; fileRef = D05D86D9205681D9003909EB /* LaunchScreen.storyboard */; };
		D05D86E6205681D9003909EB /* Athlete_HQTests.swift in Sources */ = {isa = PBXBuildFile; fileRef = D05D86E5205681D9003909EB /* Athlete_HQTests.swift */; };
		D05D86F120569113003909EB /* MainTabBarController.swift in Sources */ = {isa = PBXBuildFile; fileRef = D05D86F020569113003909EB /* MainTabBarController.swift */; };
		D05D86F520578E2D003909EB /* HomePageViewController.swift in Sources */ = {isa = PBXBuildFile; fileRef = D05D86F420578E2D003909EB /* HomePageViewController.swift */; };
		D05D86FA20578F3F003909EB /* FeedTableViewController.swift in Sources */ = {isa = PBXBuildFile; fileRef = D05D86F920578F3F003909EB /* FeedTableViewController.swift */; };
		D05D86FC20578F88003909EB /* MessageTableViewController.swift in Sources */ = {isa = PBXBuildFile; fileRef = D05D86FB20578F88003909EB /* MessageTableViewController.swift */; };
		D05D86FE2057DB28003909EB /* FeedTableViewCell.swift in Sources */ = {isa = PBXBuildFile; fileRef = D05D86FD2057DB28003909EB /* FeedTableViewCell.swift */; };
		D05D87002057DB4E003909EB /* MessageTableViewCell.swift in Sources */ = {isa = PBXBuildFile; fileRef = D05D86FF2057DB4E003909EB /* MessageTableViewCell.swift */; };
/* End PBXBuildFile section */

/* Begin PBXContainerItemProxy section */
		D05D86E2205681D9003909EB /* PBXContainerItemProxy */ = {
			isa = PBXContainerItemProxy;
			containerPortal = D05D86C5205681D8003909EB /* Project object */;
			proxyType = 1;
			remoteGlobalIDString = D05D86CC205681D9003909EB;
			remoteInfo = Athlete.HQ;
		};
/* End PBXContainerItemProxy section */

/* Begin PBXFileReference section */
		D05D86CD205681D9003909EB /* Athlete.HQ.app */ = {isa = PBXFileReference; explicitFileType = wrapper.application; includeInIndex = 0; path = Athlete.HQ.app; sourceTree = BUILT_PRODUCTS_DIR; };
		D05D86D0205681D9003909EB /* AppDelegate.swift */ = {isa = PBXFileReference; lastKnownFileType = sourcecode.swift; path = AppDelegate.swift; sourceTree = "<group>"; };
		D05D86D2205681D9003909EB /* ViewController.swift */ = {isa = PBXFileReference; lastKnownFileType = sourcecode.swift; path = ViewController.swift; sourceTree = "<group>"; };
		D05D86D5205681D9003909EB /* Base */ = {isa = PBXFileReference; lastKnownFileType = file.storyboard; name = Base; path = Base.lproj/Main.storyboard; sourceTree = "<group>"; };
		D05D86D7205681D9003909EB /* Assets.xcassets */ = {isa = PBXFileReference; lastKnownFileType = folder.assetcatalog; path = Assets.xcassets; sourceTree = "<group>"; };
		D05D86DA205681D9003909EB /* Base */ = {isa = PBXFileReference; lastKnownFileType = file.storyboard; name = Base; path = Base.lproj/LaunchScreen.storyboard; sourceTree = "<group>"; };
		D05D86DC205681D9003909EB /* Info.plist */ = {isa = PBXFileReference; lastKnownFileType = text.plist.xml; path = Info.plist; sourceTree = "<group>"; };
		D05D86E1205681D9003909EB /* Athlete.HQTests.xctest */ = {isa = PBXFileReference; explicitFileType = wrapper.cfbundle; includeInIndex = 0; path = Athlete.HQTests.xctest; sourceTree = BUILT_PRODUCTS_DIR; };
		D05D86E5205681D9003909EB /* Athlete_HQTests.swift */ = {isa = PBXFileReference; lastKnownFileType = sourcecode.swift; path = Athlete_HQTests.swift; sourceTree = "<group>"; };
		D05D86E7205681D9003909EB /* Info.plist */ = {isa = PBXFileReference; lastKnownFileType = text.plist.xml; path = Info.plist; sourceTree = "<group>"; };
		D05D86F020569113003909EB /* MainTabBarController.swift */ = {isa = PBXFileReference; lastKnownFileType = sourcecode.swift; path = MainTabBarController.swift; sourceTree = "<group>"; };
		D05D86F420578E2D003909EB /* HomePageViewController.swift */ = {isa = PBXFileReference; lastKnownFileType = sourcecode.swift; path = HomePageViewController.swift; sourceTree = "<group>"; };
		D05D86F920578F3F003909EB /* FeedTableViewController.swift */ = {isa = PBXFileReference; lastKnownFileType = sourcecode.swift; path = FeedTableViewController.swift; sourceTree = "<group>"; };
		D05D86FB20578F88003909EB /* MessageTableViewController.swift */ = {isa = PBXFileReference; lastKnownFileType = sourcecode.swift; path = MessageTableViewController.swift; sourceTree = "<group>"; };
		D05D86FD2057DB28003909EB /* FeedTableViewCell.swift */ = {isa = PBXFileReference; lastKnownFileType = sourcecode.swift; path = FeedTableViewCell.swift; sourceTree = "<group>"; };
		D05D86FF2057DB4E003909EB /* MessageTableViewCell.swift */ = {isa = PBXFileReference; lastKnownFileType = sourcecode.swift; path = MessageTableViewCell.swift; sourceTree = "<group>"; };
/* End PBXFileReference section */

/* Begin PBXFrameworksBuildPhase section */
		D05D86CA205681D9003909EB /* Frameworks */ = {
			isa = PBXFrameworksBuildPhase;
			buildActionMask = 2147483647;
			files = (
			);
			runOnlyForDeploymentPostprocessing = 0;
		};
		D05D86DE205681D9003909EB /* Frameworks */ = {
			isa = PBXFrameworksBuildPhase;
			buildActionMask = 2147483647;
			files = (
			);
			runOnlyForDeploymentPostprocessing = 0;
		};
/* End PBXFrameworksBuildPhase section */

/* Begin PBXGroup section */
		D05D86C4205681D8003909EB = {
			isa = PBXGroup;
			children = (
				D05D86CF205681D9003909EB /* Athlete.HQ */,
				D05D86E4205681D9003909EB /* Athlete.HQTests */,
				D05D86CE205681D9003909EB /* Products */,
			);
			sourceTree = "<group>";
		};
		D05D86CE205681D9003909EB /* Products */ = {
			isa = PBXGroup;
			children = (
				D05D86CD205681D9003909EB /* Athlete.HQ.app */,
				D05D86E1205681D9003909EB /* Athlete.HQTests.xctest */,
			);
			name = Products;
			sourceTree = "<group>";
		};
		D05D86CF205681D9003909EB /* Athlete.HQ */ = {
			isa = PBXGroup;
			children = (
				D05D86D0205681D9003909EB /* AppDelegate.swift */,
				D05D86F420578E2D003909EB /* HomePageViewController.swift */,
				D05D86F920578F3F003909EB /* FeedTableViewController.swift */,
				D05D86FB20578F88003909EB /* MessageTableViewController.swift */,
				D05D86FD2057DB28003909EB /* FeedTableViewCell.swift */,
				D05D86FF2057DB4E003909EB /* MessageTableViewCell.swift */,
				D05D86D2205681D9003909EB /* ViewController.swift */,
				D05D86D4205681D9003909EB /* Main.storyboard */,
				D05D86F020569113003909EB /* MainTabBarController.swift */,
				D05D86D7205681D9003909EB /* Assets.xcassets */,
				D05D86D9205681D9003909EB /* LaunchScreen.storyboard */,
				D05D86DC205681D9003909EB /* Info.plist */,
			);
			path = Athlete.HQ;
			sourceTree = "<group>";
		};
		D05D86E4205681D9003909EB /* Athlete.HQTests */ = {
			isa = PBXGroup;
			children = (
				D05D86E5205681D9003909EB /* Athlete_HQTests.swift */,
				D05D86E7205681D9003909EB /* Info.plist */,
			);
			path = Athlete.HQTests;
			sourceTree = "<group>";
		};
/* End PBXGroup section */

/* Begin PBXNativeTarget section */
		D05D86CC205681D9003909EB /* Athlete.HQ */ = {
			isa = PBXNativeTarget;
			buildConfigurationList = D05D86EA205681D9003909EB /* Build configuration list for PBXNativeTarget "Athlete.HQ" */;
			buildPhases = (
				D05D86C9205681D9003909EB /* Sources */,
				D05D86CA205681D9003909EB /* Frameworks */,
				D05D86CB205681D9003909EB /* Resources */,
			);
			buildRules = (
			);
			dependencies = (
			);
			name = Athlete.HQ;
			productName = Athlete.HQ;
			productReference = D05D86CD205681D9003909EB /* Athlete.HQ.app */;
			productType = "com.apple.product-type.application";
		};
		D05D86E0205681D9003909EB /* Athlete.HQTests */ = {
			isa = PBXNativeTarget;
			buildConfigurationList = D05D86ED205681D9003909EB /* Build configuration list for PBXNativeTarget "Athlete.HQTests" */;
			buildPhases = (
				D05D86DD205681D9003909EB /* Sources */,
				D05D86DE205681D9003909EB /* Frameworks */,
				D05D86DF205681D9003909EB /* Resources */,
			);
			buildRules = (
			);
			dependencies = (
				D05D86E3205681D9003909EB /* PBXTargetDependency */,
			);
			name = Athlete.HQTests;
			productName = Athlete.HQTests;
			productReference = D05D86E1205681D9003909EB /* Athlete.HQTests.xctest */;
			productType = "com.apple.product-type.bundle.unit-test";
		};
/* End PBXNativeTarget section */

/* Begin PBXProject section */
		D05D86C5205681D8003909EB /* Project object */ = {
			isa = PBXProject;
			attributes = {
				LastSwiftUpdateCheck = 0920;
				LastUpgradeCheck = 0920;
				ORGANIZATIONNAME = "Wei Li";
				TargetAttributes = {
					D05D86CC205681D9003909EB = {
						CreatedOnToolsVersion = 9.2;
						ProvisioningStyle = Automatic;
					};
					D05D86E0205681D9003909EB = {
						CreatedOnToolsVersion = 9.2;
						ProvisioningStyle = Automatic;
						TestTargetID = D05D86CC205681D9003909EB;
					};
				};
			};
			buildConfigurationList = D05D86C8205681D8003909EB /* Build configuration list for PBXProject "Athlete.HQ" */;
			compatibilityVersion = "Xcode 8.0";
			developmentRegion = en;
			hasScannedForEncodings = 0;
			knownRegions = (
				en,
				Base,
			);
			mainGroup = D05D86C4205681D8003909EB;
			productRefGroup = D05D86CE205681D9003909EB /* Products */;
			projectDirPath = "";
			projectRoot = "";
			targets = (
				D05D86CC205681D9003909EB /* Athlete.HQ */,
				D05D86E0205681D9003909EB /* Athlete.HQTests */,
			);
		};
/* End PBXProject section */

/* Begin PBXResourcesBuildPhase section */
		D05D86CB205681D9003909EB /* Resources */ = {
			isa = PBXResourcesBuildPhase;
			buildActionMask = 2147483647;
			files = (
				D05D86DB205681D9003909EB /* LaunchScreen.storyboard in Resources */,
				D05D86D8205681D9003909EB /* Assets.xcassets in Resources */,
				D05D86D6205681D9003909EB /* Main.storyboard in Resources */,
			);
			runOnlyForDeploymentPostprocessing = 0;
		};
		D05D86DF205681D9003909EB /* Resources */ = {
			isa = PBXResourcesBuildPhase;
			buildActionMask = 2147483647;
			files = (
			);
			runOnlyForDeploymentPostprocessing = 0;
		};
/* End PBXResourcesBuildPhase section */

/* Begin PBXSourcesBuildPhase section */
		D05D86C9205681D9003909EB /* Sources */ = {
			isa = PBXSourcesBuildPhase;
			buildActionMask = 2147483647;
			files = (
				D05D86F520578E2D003909EB /* HomePageViewController.swift in Sources */,
				D05D86D3205681D9003909EB /* ViewController.swift in Sources */,
				D05D86FE2057DB28003909EB /* FeedTableViewCell.swift in Sources */,
				D05D86FA20578F3F003909EB /* FeedTableViewController.swift in Sources */,
				D05D86D1205681D9003909EB /* AppDelegate.swift in Sources */,
				D05D87002057DB4E003909EB /* MessageTableViewCell.swift in Sources */,
				D05D86FC20578F88003909EB /* MessageTableViewController.swift in Sources */,
				D05D86F120569113003909EB /* MainTabBarController.swift in Sources */,
			);
			runOnlyForDeploymentPostprocessing = 0;
		};
		D05D86DD205681D9003909EB /* Sources */ = {
			isa = PBXSourcesBuildPhase;
			buildActionMask = 2147483647;
			files = (
				D05D86E6205681D9003909EB /* Athlete_HQTests.swift in Sources */,
			);
			runOnlyForDeploymentPostprocessing = 0;
		};
/* End PBXSourcesBuildPhase section */

/* Begin PBXTargetDependency section */
		D05D86E3205681D9003909EB /* PBXTargetDependency */ = {
			isa = PBXTargetDependency;
			target = D05D86CC205681D9003909EB /* Athlete.HQ */;
			targetProxy = D05D86E2205681D9003909EB /* PBXContainerItemProxy */;
		};
/* End PBXTargetDependency section */

/* Begin PBXVariantGroup section */
		D05D86D4205681D9003909EB /* Main.storyboard */ = {
			isa = PBXVariantGroup;
			children = (
				D05D86D5205681D9003909EB /* Base */,
			);
			name = Main.storyboard;
			sourceTree = "<group>";
		};
		D05D86D9205681D9003909EB /* LaunchScreen.storyboard */ = {
			isa = PBXVariantGroup;
			children = (
				D05D86DA205681D9003909EB /* Base */,
			);
			name = LaunchScreen.storyboard;
			sourceTree = "<group>";
		};
/* End PBXVariantGroup section */

/* Begin XCBuildConfiguration section */
		D05D86E8205681D9003909EB /* Debug */ = {
			isa = XCBuildConfiguration;
			buildSettings = {
				ALWAYS_SEARCH_USER_PATHS = NO;
				CLANG_ANALYZER_NONNULL = YES;
				CLANG_ANALYZER_NUMBER_OBJECT_CONVERSION = YES_AGGRESSIVE;
				CLANG_CXX_LANGUAGE_STANDARD = "gnu++14";
				CLANG_CXX_LIBRARY = "libc++";
				CLANG_ENABLE_MODULES = YES;
				CLANG_ENABLE_OBJC_ARC = YES;
				CLANG_WARN_BLOCK_CAPTURE_AUTORELEASING = YES;
				CLANG_WARN_BOOL_CONVERSION = YES;
				CLANG_WARN_COMMA = YES;
				CLANG_WARN_CONSTANT_CONVERSION = YES;
				CLANG_WARN_DIRECT_OBJC_ISA_USAGE = YES_ERROR;
				CLANG_WARN_DOCUMENTATION_COMMENTS = YES;
				CLANG_WARN_EMPTY_BODY = YES;
				CLANG_WARN_ENUM_CONVERSION = YES;
				CLANG_WARN_INFINITE_RECURSION = YES;
				CLANG_WARN_INT_CONVERSION = YES;
				CLANG_WARN_NON_LITERAL_NULL_CONVERSION = YES;
				CLANG_WARN_OBJC_LITERAL_CONVERSION = YES;
				CLANG_WARN_OBJC_ROOT_CLASS = YES_ERROR;
				CLANG_WARN_RANGE_LOOP_ANALYSIS = YES;
				CLANG_WARN_STRICT_PROTOTYPES = YES;
				CLANG_WARN_SUSPICIOUS_MOVE = YES;
				CLANG_WARN_UNGUARDED_AVAILABILITY = YES_AGGRESSIVE;
				CLANG_WARN_UNREACHABLE_CODE = YES;
				CLANG_WARN__DUPLICATE_METHOD_MATCH = YES;
				CODE_SIGN_IDENTITY = "iPhone Developer";
				COPY_PHASE_STRIP = NO;
				DEBUG_INFORMATION_FORMAT = dwarf;
				ENABLE_STRICT_OBJC_MSGSEND = YES;
				ENABLE_TESTABILITY = YES;
				GCC_C_LANGUAGE_STANDARD = gnu11;
				GCC_DYNAMIC_NO_PIC = NO;
				GCC_NO_COMMON_BLOCKS = YES;
				GCC_OPTIMIZATION_LEVEL = 0;
				GCC_PREPROCESSOR_DEFINITIONS = (
					"DEBUG=1",
					"$(inherited)",
				);
				GCC_WARN_64_TO_32_BIT_CONVERSION = YES;
				GCC_WARN_ABOUT_RETURN_TYPE = YES_ERROR;
				GCC_WARN_UNDECLARED_SELECTOR = YES;
				GCC_WARN_UNINITIALIZED_AUTOS = YES_AGGRESSIVE;
				GCC_WARN_UNUSED_FUNCTION = YES;
				GCC_WARN_UNUSED_VARIABLE = YES;
				IPHONEOS_DEPLOYMENT_TARGET = 11.2;
				MTL_ENABLE_DEBUG_INFO = YES;
				ONLY_ACTIVE_ARCH = YES;
				SDKROOT = iphoneos;
				SWIFT_ACTIVE_COMPILATION_CONDITIONS = DEBUG;
				SWIFT_OPTIMIZATION_LEVEL = "-Onone";
			};
			name = Debug;
		};
		D05D86E9205681D9003909EB /* Release */ = {
			isa = XCBuildConfiguration;
			buildSettings = {
				ALWAYS_SEARCH_USER_PATHS = NO;
				CLANG_ANALYZER_NONNULL = YES;
				CLANG_ANALYZER_NUMBER_OBJECT_CONVERSION = YES_AGGRESSIVE;
				CLANG_CXX_LANGUAGE_STANDARD = "gnu++14";
				CLANG_CXX_LIBRARY = "libc++";
				CLANG_ENABLE_MODULES = YES;
				CLANG_ENABLE_OBJC_ARC = YES;
				CLANG_WARN_BLOCK_CAPTURE_AUTORELEASING = YES;
				CLANG_WARN_BOOL_CONVERSION = YES;
				CLANG_WARN_COMMA = YES;
				CLANG_WARN_CONSTANT_CONVERSION = YES;
				CLANG_WARN_DIRECT_OBJC_ISA_USAGE = YES_ERROR;
				CLANG_WARN_DOCUMENTATION_COMMENTS = YES;
				CLANG_WARN_EMPTY_BODY = YES;
				CLANG_WARN_ENUM_CONVERSION = YES;
				CLANG_WARN_INFINITE_RECURSION = YES;
				CLANG_WARN_INT_CONVERSION = YES;
				CLANG_WARN_NON_LITERAL_NULL_CONVERSION = YES;
				CLANG_WARN_OBJC_LITERAL_CONVERSION = YES;
				CLANG_WARN_OBJC_ROOT_CLASS = YES_ERROR;
				CLANG_WARN_RANGE_LOOP_ANALYSIS = YES;
				CLANG_WARN_STRICT_PROTOTYPES = YES;
				CLANG_WARN_SUSPICIOUS_MOVE = YES;
				CLANG_WARN_UNGUARDED_AVAILABILITY = YES_AGGRESSIVE;
				CLANG_WARN_UNREACHABLE_CODE = YES;
				CLANG_WARN__DUPLICATE_METHOD_MATCH = YES;
				CODE_SIGN_IDENTITY = "iPhone Developer";
				COPY_PHASE_STRIP = NO;
				DEBUG_INFORMATION_FORMAT = "dwarf-with-dsym";
				ENABLE_NS_ASSERTIONS = NO;
				ENABLE_STRICT_OBJC_MSGSEND = YES;
				GCC_C_LANGUAGE_STANDARD = gnu11;
				GCC_NO_COMMON_BLOCKS = YES;
				GCC_WARN_64_TO_32_BIT_CONVERSION = YES;
				GCC_WARN_ABOUT_RETURN_TYPE = YES_ERROR;
				GCC_WARN_UNDECLARED_SELECTOR = YES;
				GCC_WARN_UNINITIALIZED_AUTOS = YES_AGGRESSIVE;
				GCC_WARN_UNUSED_FUNCTION = YES;
				GCC_WARN_UNUSED_VARIABLE = YES;
				IPHONEOS_DEPLOYMENT_TARGET = 11.2;
				MTL_ENABLE_DEBUG_INFO = NO;
				SDKROOT = iphoneos;
				SWIFT_OPTIMIZATION_LEVEL = "-Owholemodule";
				VALIDATE_PRODUCT = YES;
			};
			name = Release;
		};
		D05D86EB205681D9003909EB /* Debug */ = {
			isa = XCBuildConfiguration;
			buildSettings = {
				ASSETCATALOG_COMPILER_APPICON_NAME = AppIcon;
				CODE_SIGN_STYLE = Automatic;
				INFOPLIST_FILE = Athlete.HQ/Info.plist;
				LD_RUNPATH_SEARCH_PATHS = "$(inherited) @executable_path/Frameworks";
				PRODUCT_BUNDLE_IDENTIFIER = "com.example.Athlete-HQ";
				PRODUCT_NAME = "$(TARGET_NAME)";
				SWIFT_VERSION = 4.0;
				TARGETED_DEVICE_FAMILY = "1,2";
			};
			name = Debug;
		};
		D05D86EC205681D9003909EB /* Release */ = {
			isa = XCBuildConfiguration;
			buildSettings = {
				ASSETCATALOG_COMPILER_APPICON_NAME = AppIcon;
				CODE_SIGN_STYLE = Automatic;
				INFOPLIST_FILE = Athlete.HQ/Info.plist;
				LD_RUNPATH_SEARCH_PATHS = "$(inherited) @executable_path/Frameworks";
				PRODUCT_BUNDLE_IDENTIFIER = "com.example.Athlete-HQ";
				PRODUCT_NAME = "$(TARGET_NAME)";
				SWIFT_VERSION = 4.0;
				TARGETED_DEVICE_FAMILY = "1,2";
			};
			name = Release;
		};
		D05D86EE205681D9003909EB /* Debug */ = {
			isa = XCBuildConfiguration;
			buildSettings = {
				ALWAYS_EMBED_SWIFT_STANDARD_LIBRARIES = YES;
				BUNDLE_LOADER = "$(TEST_HOST)";
				CODE_SIGN_STYLE = Automatic;
				INFOPLIST_FILE = Athlete.HQTests/Info.plist;
				LD_RUNPATH_SEARCH_PATHS = "$(inherited) @executable_path/Frameworks @loader_path/Frameworks";
				PRODUCT_BUNDLE_IDENTIFIER = "com.example.Athlete-HQTests";
				PRODUCT_NAME = "$(TARGET_NAME)";
				SWIFT_VERSION = 4.0;
				TARGETED_DEVICE_FAMILY = "1,2";
				TEST_HOST = "$(BUILT_PRODUCTS_DIR)/Athlete.HQ.app/Athlete.HQ";
			};
			name = Debug;
		};
		D05D86EF205681D9003909EB /* Release */ = {
			isa = XCBuildConfiguration;
			buildSettings = {
				ALWAYS_EMBED_SWIFT_STANDARD_LIBRARIES = YES;
				BUNDLE_LOADER = "$(TEST_HOST)";
				CODE_SIGN_STYLE = Automatic;
				INFOPLIST_FILE = Athlete.HQTests/Info.plist;
				LD_RUNPATH_SEARCH_PATHS = "$(inherited) @executable_path/Frameworks @loader_path/Frameworks";
				PRODUCT_BUNDLE_IDENTIFIER = "com.example.Athlete-HQTests";
				PRODUCT_NAME = "$(TARGET_NAME)";
				SWIFT_VERSION = 4.0;
				TARGETED_DEVICE_FAMILY = "1,2";
				TEST_HOST = "$(BUILT_PRODUCTS_DIR)/Athlete.HQ.app/Athlete.HQ";
			};
			name = Release;
		};
/* End XCBuildConfiguration section */

/* Begin XCConfigurationList section */
		D05D86C8205681D8003909EB /* Build configuration list for PBXProject "Athlete.HQ" */ = {
			isa = XCConfigurationList;
			buildConfigurations = (
				D05D86E8205681D9003909EB /* Debug */,
				D05D86E9205681D9003909EB /* Release */,
			);
			defaultConfigurationIsVisible = 0;
			defaultConfigurationName = Release;
		};
		D05D86EA205681D9003909EB /* Build configuration list for PBXNativeTarget "Athlete.HQ" */ = {
			isa = XCConfigurationList;
			buildConfigurations = (
				D05D86EB205681D9003909EB /* Debug */,
				D05D86EC205681D9003909EB /* Release */,
			);
			defaultConfigurationIsVisible = 0;
			defaultConfigurationName = Release;
		};
		D05D86ED205681D9003909EB /* Build configuration list for PBXNativeTarget "Athlete.HQTests" */ = {
			isa = XCConfigurationList;
			buildConfigurations = (
				D05D86EE205681D9003909EB /* Debug */,
				D05D86EF205681D9003909EB /* Release */,
			);
			defaultConfigurationIsVisible = 0;
			defaultConfigurationName = Release;
		};
/* End XCConfigurationList section */
	};
	rootObject = D05D86C5205681D8003909EB /* Project object */;
}
